
Microsoft Visual Studio Solution File, Format Version 12.00
# Visual Studio Version 16
VisualStudioVersion = 16.0.28803.156
MinimumVisualStudioVersion = 10.0.40219.1
Project("{FAE04EC0-301F-11D3-BF4B-00C04F79EFBC}") = "SSTFormat", "SSTFormat\SSTFormat.csproj", "{93B53767-A0A5-431C-9EC7-B23DBFFB10EC}"
EndProject
Project("{FAE04EC0-301F-11D3-BF4B-00C04F79EFBC}") = "SSTFEditor", "SSTFEditor\SSTFEditor.csproj", "{487B9AFD-05D4-41AE-9800-21E16B382BB7}"
EndProject
Project("{FAE04EC0-301F-11D3-BF4B-00C04F79EFBC}") = "SSTFormatTests", "SSTFormatTests\SSTFormatTests.csproj", "{17AD5463-E418-4F95-8371-B7918D8B7853}"
EndProject
Project("{FAE04EC0-301F-11D3-BF4B-00C04F79EFBC}") = "MakeArchive", "MakeArchive\MakeArchive.csproj", "{18DA0EC0-28E2-439B-A8AB-D67ACEF8935F}"
	ProjectSection(ProjectDependencies) = postProject
		{9AB944AE-D0C4-4022-B407-A497160E2BD6} = {9AB944AE-D0C4-4022-B407-A497160E2BD6}
		{8DF302D9-4BA8-4F0F-B673-CCF87ECEE30E} = {8DF302D9-4BA8-4F0F-B673-CCF87ECEE30E}
		{487B9AFD-05D4-41AE-9800-21E16B382BB7} = {487B9AFD-05D4-41AE-9800-21E16B382BB7}
	EndProjectSection
EndProject
Project("{FAE04EC0-301F-11D3-BF4B-00C04F79EFBC}") = "FDK", "FDK\FDK.csproj", "{8DF302D9-4BA8-4F0F-B673-CCF87ECEE30E}"
EndProject
Project("{FAE04EC0-301F-11D3-BF4B-00C04F79EFBC}") = "FDKTests", "FDKTests\FDKTests.csproj", "{23CEF290-CF3B-45D0-A0E0-AD6CF14D121B}"
EndProject
Project("{FAE04EC0-301F-11D3-BF4B-00C04F79EFBC}") = "DTXMania", "DTXMania\DTXMania.csproj", "{9AB944AE-D0C4-4022-B407-A497160E2BD6}"
EndProject
Global
	GlobalSection(SolutionConfigurationPlatforms) = preSolution
		Debug|x64 = Debug|x64
		Debug|x86 = Debug|x86
		Release|x64 = Release|x64
		Release|x86 = Release|x86
		RemoteDebug|x64 = RemoteDebug|x64
		RemoteDebug|x86 = RemoteDebug|x86
		RemoteRelease|x64 = RemoteRelease|x64
		RemoteRelease|x86 = RemoteRelease|x86
	EndGlobalSection
	GlobalSection(ProjectConfigurationPlatforms) = postSolution
		{93B53767-A0A5-431C-9EC7-B23DBFFB10EC}.Debug|x64.ActiveCfg = Debug|x64
		{93B53767-A0A5-431C-9EC7-B23DBFFB10EC}.Debug|x64.Build.0 = Debug|x64
		{93B53767-A0A5-431C-9EC7-B23DBFFB10EC}.Debug|x86.ActiveCfg = Debug|x86
		{93B53767-A0A5-431C-9EC7-B23DBFFB10EC}.Debug|x86.Build.0 = Debug|x86
		{93B53767-A0A5-431C-9EC7-B23DBFFB10EC}.Release|x64.ActiveCfg = Release|x64
		{93B53767-A0A5-431C-9EC7-B23DBFFB10EC}.Release|x64.Build.0 = Release|x64
		{93B53767-A0A5-431C-9EC7-B23DBFFB10EC}.Release|x86.ActiveCfg = Release|x86
		{93B53767-A0A5-431C-9EC7-B23DBFFB10EC}.Release|x86.Build.0 = Release|x86
		{93B53767-A0A5-431C-9EC7-B23DBFFB10EC}.RemoteDebug|x64.ActiveCfg = RemoteDebug|x64
		{93B53767-A0A5-431C-9EC7-B23DBFFB10EC}.RemoteDebug|x64.Build.0 = RemoteDebug|x64
		{93B53767-A0A5-431C-9EC7-B23DBFFB10EC}.RemoteDebug|x86.ActiveCfg = RemoteDebug|x86
		{93B53767-A0A5-431C-9EC7-B23DBFFB10EC}.RemoteDebug|x86.Build.0 = RemoteDebug|x86
		{93B53767-A0A5-431C-9EC7-B23DBFFB10EC}.RemoteRelease|x64.ActiveCfg = RemoteRelease|x64
		{93B53767-A0A5-431C-9EC7-B23DBFFB10EC}.RemoteRelease|x64.Build.0 = RemoteRelease|x64
		{93B53767-A0A5-431C-9EC7-B23DBFFB10EC}.RemoteRelease|x86.ActiveCfg = RemoteRelease|x86
		{93B53767-A0A5-431C-9EC7-B23DBFFB10EC}.RemoteRelease|x86.Build.0 = RemoteRelease|x86
		{487B9AFD-05D4-41AE-9800-21E16B382BB7}.Debug|x64.ActiveCfg = Debug|x64
		{487B9AFD-05D4-41AE-9800-21E16B382BB7}.Debug|x64.Build.0 = Debug|x64
		{487B9AFD-05D4-41AE-9800-21E16B382BB7}.Debug|x86.ActiveCfg = Debug|x86
		{487B9AFD-05D4-41AE-9800-21E16B382BB7}.Debug|x86.Build.0 = Debug|x86
		{487B9AFD-05D4-41AE-9800-21E16B382BB7}.Release|x64.ActiveCfg = Release|x64
		{487B9AFD-05D4-41AE-9800-21E16B382BB7}.Release|x64.Build.0 = Release|x64
		{487B9AFD-05D4-41AE-9800-21E16B382BB7}.Release|x86.ActiveCfg = Release|x86
		{487B9AFD-05D4-41AE-9800-21E16B382BB7}.Release|x86.Build.0 = Release|x86
		{487B9AFD-05D4-41AE-9800-21E16B382BB7}.RemoteDebug|x64.ActiveCfg = RemoteDebug|x64
		{487B9AFD-05D4-41AE-9800-21E16B382BB7}.RemoteDebug|x64.Build.0 = RemoteDebug|x64
		{487B9AFD-05D4-41AE-9800-21E16B382BB7}.RemoteDebug|x86.ActiveCfg = RemoteDebug|x86
		{487B9AFD-05D4-41AE-9800-21E16B382BB7}.RemoteDebug|x86.Build.0 = RemoteDebug|x86
		{487B9AFD-05D4-41AE-9800-21E16B382BB7}.RemoteRelease|x64.ActiveCfg = RemoteRelease|x64
		{487B9AFD-05D4-41AE-9800-21E16B382BB7}.RemoteRelease|x64.Build.0 = RemoteRelease|x64
		{487B9AFD-05D4-41AE-9800-21E16B382BB7}.RemoteRelease|x86.ActiveCfg = RemoteRelease|x86
		{487B9AFD-05D4-41AE-9800-21E16B382BB7}.RemoteRelease|x86.Build.0 = RemoteRelease|x86
		{17AD5463-E418-4F95-8371-B7918D8B7853}.Debug|x64.ActiveCfg = Debug|x64
		{17AD5463-E418-4F95-8371-B7918D8B7853}.Debug|x64.Build.0 = Debug|x64
		{17AD5463-E418-4F95-8371-B7918D8B7853}.Debug|x86.ActiveCfg = Debug|x86
		{17AD5463-E418-4F95-8371-B7918D8B7853}.Debug|x86.Build.0 = Debug|x86
		{17AD5463-E418-4F95-8371-B7918D8B7853}.Release|x64.ActiveCfg = Release|x64
		{17AD5463-E418-4F95-8371-B7918D8B7853}.Release|x64.Build.0 = Release|x64
		{17AD5463-E418-4F95-8371-B7918D8B7853}.Release|x86.ActiveCfg = Release|x86
		{17AD5463-E418-4F95-8371-B7918D8B7853}.Release|x86.Build.0 = Release|x86
		{17AD5463-E418-4F95-8371-B7918D8B7853}.RemoteDebug|x64.ActiveCfg = Debug|x64
		{17AD5463-E418-4F95-8371-B7918D8B7853}.RemoteDebug|x64.Build.0 = Debug|x64
		{17AD5463-E418-4F95-8371-B7918D8B7853}.RemoteDebug|x86.ActiveCfg = RemoteRelease|x86
		{17AD5463-E418-4F95-8371-B7918D8B7853}.RemoteDebug|x86.Build.0 = RemoteRelease|x86
		{17AD5463-E418-4F95-8371-B7918D8B7853}.RemoteRelease|x64.ActiveCfg = RemoteRelease|x64
		{17AD5463-E418-4F95-8371-B7918D8B7853}.RemoteRelease|x64.Build.0 = RemoteRelease|x64
		{17AD5463-E418-4F95-8371-B7918D8B7853}.RemoteRelease|x86.ActiveCfg = RemoteRelease|x86
		{17AD5463-E418-4F95-8371-B7918D8B7853}.RemoteRelease|x86.Build.0 = RemoteRelease|x86
		{18DA0EC0-28E2-439B-A8AB-D67ACEF8935F}.Debug|x64.ActiveCfg = Debug|x64
		{18DA0EC0-28E2-439B-A8AB-D67ACEF8935F}.Debug|x64.Build.0 = Debug|x64
		{18DA0EC0-28E2-439B-A8AB-D67ACEF8935F}.Debug|x86.ActiveCfg = Debug|x86
		{18DA0EC0-28E2-439B-A8AB-D67ACEF8935F}.Debug|x86.Build.0 = Debug|x86
		{18DA0EC0-28E2-439B-A8AB-D67ACEF8935F}.Release|x64.ActiveCfg = Release|x64
		{18DA0EC0-28E2-439B-A8AB-D67ACEF8935F}.Release|x64.Build.0 = Release|x64
		{18DA0EC0-28E2-439B-A8AB-D67ACEF8935F}.Release|x86.ActiveCfg = Release|x86
		{18DA0EC0-28E2-439B-A8AB-D67ACEF8935F}.Release|x86.Build.0 = Release|x86
		{18DA0EC0-28E2-439B-A8AB-D67ACEF8935F}.RemoteDebug|x64.ActiveCfg = Debug|x64
		{18DA0EC0-28E2-439B-A8AB-D67ACEF8935F}.RemoteDebug|x64.Build.0 = Debug|x64
		{18DA0EC0-28E2-439B-A8AB-D67ACEF8935F}.RemoteDebug|x86.ActiveCfg = RemoteRelease|x86
		{18DA0EC0-28E2-439B-A8AB-D67ACEF8935F}.RemoteDebug|x86.Build.0 = RemoteRelease|x86
		{18DA0EC0-28E2-439B-A8AB-D67ACEF8935F}.RemoteRelease|x64.ActiveCfg = RemoteRelease|x64
		{18DA0EC0-28E2-439B-A8AB-D67ACEF8935F}.RemoteRelease|x64.Build.0 = RemoteRelease|x64
		{18DA0EC0-28E2-439B-A8AB-D67ACEF8935F}.RemoteRelease|x86.ActiveCfg = RemoteRelease|x86
		{18DA0EC0-28E2-439B-A8AB-D67ACEF8935F}.RemoteRelease|x86.Build.0 = RemoteRelease|x86
		{8DF302D9-4BA8-4F0F-B673-CCF87ECEE30E}.Debug|x64.ActiveCfg = Debug|x64
		{8DF302D9-4BA8-4F0F-B673-CCF87ECEE30E}.Debug|x64.Build.0 = Debug|x64
		{8DF302D9-4BA8-4F0F-B673-CCF87ECEE30E}.Debug|x86.ActiveCfg = Debug|x86
		{8DF302D9-4BA8-4F0F-B673-CCF87ECEE30E}.Debug|x86.Build.0 = Debug|x86
		{8DF302D9-4BA8-4F0F-B673-CCF87ECEE30E}.Release|x64.ActiveCfg = Release|x64
		{8DF302D9-4BA8-4F0F-B673-CCF87ECEE30E}.Release|x64.Build.0 = Release|x64
		{8DF302D9-4BA8-4F0F-B673-CCF87ECEE30E}.Release|x86.ActiveCfg = Release|x86
		{8DF302D9-4BA8-4F0F-B673-CCF87ECEE30E}.Release|x86.Build.0 = Release|x86
		{8DF302D9-4BA8-4F0F-B673-CCF87ECEE30E}.RemoteDebug|x64.ActiveCfg = RemoteDebug|x64
		{8DF302D9-4BA8-4F0F-B673-CCF87ECEE30E}.RemoteDebug|x64.Build.0 = RemoteDebug|x64
		{8DF302D9-4BA8-4F0F-B673-CCF87ECEE30E}.RemoteDebug|x86.ActiveCfg = RemoteDebug|x86
		{8DF302D9-4BA8-4F0F-B673-CCF87ECEE30E}.RemoteDebug|x86.Build.0 = RemoteDebug|x86
		{8DF302D9-4BA8-4F0F-B673-CCF87ECEE30E}.RemoteRelease|x64.ActiveCfg = RemoteRelease|x64
		{8DF302D9-4BA8-4F0F-B673-CCF87ECEE30E}.RemoteRelease|x64.Build.0 = RemoteRelease|x64
		{8DF302D9-4BA8-4F0F-B673-CCF87ECEE30E}.RemoteRelease|x86.ActiveCfg = RemoteRelease|x86
		{8DF302D9-4BA8-4F0F-B673-CCF87ECEE30E}.RemoteRelease|x86.Build.0 = RemoteRelease|x86
		{23CEF290-CF3B-45D0-A0E0-AD6CF14D121B}.Debug|x64.ActiveCfg = Debug|x64
		{23CEF290-CF3B-45D0-A0E0-AD6CF14D121B}.Debug|x64.Build.0 = Debug|x64
		{23CEF290-CF3B-45D0-A0E0-AD6CF14D121B}.Debug|x86.ActiveCfg = Debug|x86
		{23CEF290-CF3B-45D0-A0E0-AD6CF14D121B}.Debug|x86.Build.0 = Debug|x86
		{23CEF290-CF3B-45D0-A0E0-AD6CF14D121B}.Release|x64.ActiveCfg = Release|x64
		{23CEF290-CF3B-45D0-A0E0-AD6CF14D121B}.Release|x64.Build.0 = Release|x64
		{23CEF290-CF3B-45D0-A0E0-AD6CF14D121B}.Release|x86.ActiveCfg = Release|x86
		{23CEF290-CF3B-45D0-A0E0-AD6CF14D121B}.Release|x86.Build.0 = Release|x86
		{23CEF290-CF3B-45D0-A0E0-AD6CF14D121B}.RemoteDebug|x64.ActiveCfg = Debug|x64
		{23CEF290-CF3B-45D0-A0E0-AD6CF14D121B}.RemoteDebug|x64.Build.0 = Debug|x64
		{23CEF290-CF3B-45D0-A0E0-AD6CF14D121B}.RemoteDebug|x86.ActiveCfg = RemoteRelease|x86
		{23CEF290-CF3B-45D0-A0E0-AD6CF14D121B}.RemoteDebug|x86.Build.0 = RemoteRelease|x86
		{23CEF290-CF3B-45D0-A0E0-AD6CF14D121B}.RemoteRelease|x64.ActiveCfg = RemoteRelease|x64
		{23CEF290-CF3B-45D0-A0E0-AD6CF14D121B}.RemoteRelease|x64.Build.0 = RemoteRelease|x64
		{23CEF290-CF3B-45D0-A0E0-AD6CF14D121B}.RemoteRelease|x86.ActiveCfg = RemoteRelease|x86
		{23CEF290-CF3B-45D0-A0E0-AD6CF14D121B}.RemoteRelease|x86.Build.0 = RemoteRelease|x86
		{9AB944AE-D0C4-4022-B407-A497160E2BD6}.Debug|x64.ActiveCfg = Debug|x64
		{9AB944AE-D0C4-4022-B407-A497160E2BD6}.Debug|x64.Build.0 = Debug|x64
		{9AB944AE-D0C4-4022-B407-A497160E2BD6}.Debug|x86.ActiveCfg = Debug|x86
		{9AB944AE-D0C4-4022-B407-A497160E2BD6}.Debug|x86.Build.0 = Debug|x86
		{9AB944AE-D0C4-4022-B407-A497160E2BD6}.Release|x64.ActiveCfg = Release|x64
		{9AB944AE-D0C4-4022-B407-A497160E2BD6}.Release|x64.Build.0 = Release|x64
		{9AB944AE-D0C4-4022-B407-A497160E2BD6}.Release|x86.ActiveCfg = Release|x86
		{9AB944AE-D0C4-4022-B407-A497160E2BD6}.Release|x86.Build.0 = Release|x86
		{9AB944AE-D0C4-4022-B407-A497160E2BD6}.RemoteDebug|x64.ActiveCfg = Debug|x64
		{9AB944AE-D0C4-4022-B407-A497160E2BD6}.RemoteDebug|x64.Build.0 = Debug|x64
		{9AB944AE-D0C4-4022-B407-A497160E2BD6}.RemoteDebug|x86.ActiveCfg = RemoteDebug|x86
		{9AB944AE-D0C4-4022-B407-A497160E2BD6}.RemoteDebug|x86.Build.0 = RemoteDebug|x86
		{9AB944AE-D0C4-4022-B407-A497160E2BD6}.RemoteRelease|x64.ActiveCfg = RemoteRelease|x64
		{9AB944AE-D0C4-4022-B407-A497160E2BD6}.RemoteRelease|x64.Build.0 = RemoteRelease|x64
		{9AB944AE-D0C4-4022-B407-A497160E2BD6}.RemoteRelease|x86.ActiveCfg = RemoteRelease|x86
		{9AB944AE-D0C4-4022-B407-A497160E2BD6}.RemoteRelease|x86.Build.0 = RemoteRelease|x86
	EndGlobalSection
	GlobalSection(SolutionProperties) = preSolution
		HideSolutionNode = FALSE
	EndGlobalSection
	GlobalSection(ExtensibilityGlobals) = postSolution
		SolutionGuid = {5F112F71-CD17-4B0E-8866-400C65EB3D24}
	EndGlobalSection
EndGlobal
