
Microsoft Visual Studio Solution File, Format Version 12.00
# Visual Studio Version 16
VisualStudioVersion = 16.0.29326.143
MinimumVisualStudioVersion = 10.0.40219.1
Project("{9A19103F-16F7-4668-BE54-9A1E7A4F7556}") = "DTXMania2", "DTXMania2\DTXMania2.csproj", "{90582898-3ACA-4746-9BE0-6B63EF89A105}"
	ProjectSection(ProjectDependencies) = postProject
		{80C8FBBC-F71D-4413-BD6B-756023F599BF} = {80C8FBBC-F71D-4413-BD6B-756023F599BF}
	EndProjectSection
EndProject
Project("{9A19103F-16F7-4668-BE54-9A1E7A4F7556}") = "SSTFormat", "SSTFormat\SSTFormat.csproj", "{08404500-04A1-4413-BE88-ABA220449298}"
EndProject
Project("{8BC9CEB8-8B4A-11D0-8D11-00A0C91BC942}") = "BuildHLSL", "BuildHLSL\BuildHLSL.vcxproj", "{80C8FBBC-F71D-4413-BD6B-756023F599BF}"
EndProject
Project("{2150E333-8FDC-42A3-9474-1A3956D46DE8}") = "ソリューションフォルダ", "ソリューションフォルダ", "{104E64FF-A4D0-4809-B83C-7047E458AEEF}"
	ProjectSection(SolutionItems) = preProject
		InnoSetupScript.iss = InnoSetupScript.iss
		LICENSE = LICENSE
		NOTICE = NOTICE
		README.md = README.md
	EndProjectSection
EndProject
Project("{FAE04EC0-301F-11D3-BF4B-00C04F79EFBC}") = "FDK", "FDK\FDK.csproj", "{27159CB2-98AA-4D37-B33C-31CDDC18602F}"
EndProject
Global
	GlobalSection(SolutionConfigurationPlatforms) = preSolution
		Debug|Any CPU = Debug|Any CPU
		Debug|x64 = Debug|x64
		Release|Any CPU = Release|Any CPU
		Release|x64 = Release|x64
	EndGlobalSection
	GlobalSection(ProjectConfigurationPlatforms) = postSolution
		{90582898-3ACA-4746-9BE0-6B63EF89A105}.Debug|Any CPU.ActiveCfg = Debug|x64
		{90582898-3ACA-4746-9BE0-6B63EF89A105}.Debug|x64.ActiveCfg = Debug|x64
		{90582898-3ACA-4746-9BE0-6B63EF89A105}.Debug|x64.Build.0 = Debug|x64
		{90582898-3ACA-4746-9BE0-6B63EF89A105}.Release|Any CPU.ActiveCfg = Release|x64
		{90582898-3ACA-4746-9BE0-6B63EF89A105}.Release|x64.ActiveCfg = Release|x64
		{90582898-3ACA-4746-9BE0-6B63EF89A105}.Release|x64.Build.0 = Release|x64
		{08404500-04A1-4413-BE88-ABA220449298}.Debug|Any CPU.ActiveCfg = Debug|x64
		{08404500-04A1-4413-BE88-ABA220449298}.Debug|x64.ActiveCfg = Debug|x64
		{08404500-04A1-4413-BE88-ABA220449298}.Debug|x64.Build.0 = Debug|x64
		{08404500-04A1-4413-BE88-ABA220449298}.Release|Any CPU.ActiveCfg = Release|x64
		{08404500-04A1-4413-BE88-ABA220449298}.Release|x64.ActiveCfg = Release|x64
		{08404500-04A1-4413-BE88-ABA220449298}.Release|x64.Build.0 = Release|x64
		{80C8FBBC-F71D-4413-BD6B-756023F599BF}.Debug|Any CPU.ActiveCfg = Debug|x64
		{80C8FBBC-F71D-4413-BD6B-756023F599BF}.Debug|x64.ActiveCfg = Debug|x64
		{80C8FBBC-F71D-4413-BD6B-756023F599BF}.Debug|x64.Build.0 = Debug|x64
		{80C8FBBC-F71D-4413-BD6B-756023F599BF}.Release|Any CPU.ActiveCfg = Release|x64
		{80C8FBBC-F71D-4413-BD6B-756023F599BF}.Release|x64.ActiveCfg = Release|x64
		{80C8FBBC-F71D-4413-BD6B-756023F599BF}.Release|x64.Build.0 = Release|x64
		{27159CB2-98AA-4D37-B33C-31CDDC18602F}.Debug|Any CPU.ActiveCfg = Debug|x64
		{27159CB2-98AA-4D37-B33C-31CDDC18602F}.Debug|x64.ActiveCfg = Debug|x64
		{27159CB2-98AA-4D37-B33C-31CDDC18602F}.Debug|x64.Build.0 = Debug|x64
		{27159CB2-98AA-4D37-B33C-31CDDC18602F}.Release|Any CPU.ActiveCfg = Release|x64
		{27159CB2-98AA-4D37-B33C-31CDDC18602F}.Release|x64.ActiveCfg = Release|x64
		{27159CB2-98AA-4D37-B33C-31CDDC18602F}.Release|x64.Build.0 = Release|x64
	EndGlobalSection
	GlobalSection(SolutionProperties) = preSolution
		HideSolutionNode = FALSE
	EndGlobalSection
	GlobalSection(ExtensibilityGlobals) = postSolution
		SolutionGuid = {C01C2968-F4A0-4924-ADE0-D633D82A43B6}
	EndGlobalSection
EndGlobal
